
Microsoft Visual Studio Solution File, Format Version 12.00
# Visual Studio 15
Project("{FAE04EC0-301F-11D3-BF4B-00C04F79EFBC}") = "UGUIexercise", "Assembly-CSharp.csproj", "{7E581BC4-04A5-3E0B-7B65-2C927400DA7A}"
EndProject
Project("{FAE04EC0-301F-11D3-BF4B-00C04F79EFBC}") = "UGUIexercise", "Assembly-CSharp-Editor.csproj", "{221B612B-F017-7D84-1E8E-0E2D00F6766A}"
EndProject
Global
	GlobalSection(SolutionConfigurationPlatforms) = preSolution
		Debug|Any CPU = Debug|Any CPU
		Release|Any CPU = Release|Any CPU
	EndGlobalSection
	GlobalSection(ProjectConfigurationPlatforms) = postSolution
		{7E581BC4-04A5-3E0B-7B65-2C927400DA7A}.Debug|Any CPU.ActiveCfg = Debug|Any CPU
		{7E581BC4-04A5-3E0B-7B65-2C927400DA7A}.Debug|Any CPU.Build.0 = Debug|Any CPU
		{7E581BC4-04A5-3E0B-7B65-2C927400DA7A}.Release|Any CPU.ActiveCfg = Release|Any CPU
		{7E581BC4-04A5-3E0B-7B65-2C927400DA7A}.Release|Any CPU.Build.0 = Release|Any CPU
		{221B612B-F017-7D84-1E8E-0E2D00F6766A}.Debug|Any CPU.ActiveCfg = Debug|Any CPU
		{221B612B-F017-7D84-1E8E-0E2D00F6766A}.Debug|Any CPU.Build.0 = Debug|Any CPU
		{221B612B-F017-7D84-1E8E-0E2D00F6766A}.Release|Any CPU.ActiveCfg = Release|Any CPU
		{221B612B-F017-7D84-1E8E-0E2D00F6766A}.Release|Any CPU.Build.0 = Release|Any CPU
	EndGlobalSection
	GlobalSection(SolutionProperties) = preSolution
		HideSolutionNode = FALSE
	EndGlobalSection
EndGlobal
